# THIS IS AN AUTOGENERATED FILE. DO NOT EDIT THIS FILE DIRECTLY.
# yarn lockfile v1


pjs@*:
  version "5.1.2"
  resolved "https://registry.yarnpkg.com/pjs/-/pjs-5.1.2.tgz#856be7e0f3276604a055c52479ec7437c8a9255f"
  integrity sha512-aoPrjtnYOknat/wiO5hyCkub7LymxSY1BN8gIsW49PfbdPyQiaU+UOo9DfSEhhl48cWLd28IwpERutBveLdQLA==

thunk@^0.0.1:
  version "0.0.1"
  resolved "https://registry.yarnpkg.com/thunk/-/thunk-0.0.1.tgz#6575b00ba36ff4c6c5edf84f923212239a0a7c37"
  integrity sha1-ZXWwC6Nv9MbF7fhPkjISI5oKfDc=
  dependencies:
    pjs "*"
